{
    "_meta": {
        "hash": {
            "sha256": "b917b765bab3f56627363abb89d5d1612945783433f97948d853cf72742dca8a"
        },
        "pipfile-spec": 6,
        "requires": {
            "python_version": "3.10"
        },
        "sources": [
            {
                "name": "pypi",
                "url": "https://pypi.org/simple",
                "verify_ssl": true
            }
        ]
    },
    "default": {
        "mss": {
            "hashes": [
                "sha256:6eb7b9008cf27428811fa33aeb35f3334db81e3f7cc2dd49ec7c6e5a94b39f12",
                "sha256:7ee44db7ab14cbea6a3eb63813c57d677a109ca5979d3b76046e4bddd3ca1a0b"
            ],
            "index": "pypi",
            "markers": "python_version >= '3.8'",
            "version": "==9.0.1"
        }
    },
    "develop": {}
}
